
Microsoft Visual Studio Solution File, Format Version 12.00
# Visual Studio Version 16
VisualStudioVersion = 16.0.28803.452
MinimumVisualStudioVersion = 10.0.40219.1
Project("{FAE04EC0-301F-11D3-BF4B-00C04F79EFBC}") = "wordfrequency", "wordfrequency\wordfrequency.csproj", "{C7661F4D-1837-45E9-A16C-0054778CA70B}"
EndProject
Global
	GlobalSection(SolutionConfigurationPlatforms) = preSolution
		Debug|Any CPU = Debug|Any CPU
		Release|Any CPU = Release|Any CPU
	EndGlobalSection
	GlobalSection(ProjectConfigurationPlatforms) = postSolution
		{C7661F4D-1837-45E9-A16C-0054778CA70B}.Debug|Any CPU.ActiveCfg = Debug|Any CPU
		{C7661F4D-1837-45E9-A16C-0054778CA70B}.Debug|Any CPU.Build.0 = Debug|Any CPU
		{C7661F4D-1837-45E9-A16C-0054778CA70B}.Release|Any CPU.ActiveCfg = Release|Any CPU
		{C7661F4D-1837-45E9-A16C-0054778CA70B}.Release|Any CPU.Build.0 = Release|Any CPU
	EndGlobalSection
	GlobalSection(SolutionProperties) = preSolution
		HideSolutionNode = FALSE
	EndGlobalSection
	GlobalSection(ExtensibilityGlobals) = postSolution
		SolutionGuid = {780435DF-2248-44B9-A5D1-466AB037B071}
	EndGlobalSection
EndGlobal
